
Microsoft Visual Studio Solution File, Format Version 12.00
# Visual Studio Version 17
VisualStudioVersion = 17.14.37614.0
MinimumVisualStudioVersion = 10.0.40219.1
Project("{2150E333-8FDC-42A3-9474-1A3956D46DE8}") = "task0", "task0", "{02EA681E-C7D8-13C7-8484-4AC65E1B71E8}"
EndProject
Project("{FAE04EC0-301F-11D3-BF4B-00C04F79EFBC}") = "Tyuiu.sirotyukmv.sprint0.task0.v0", "..\Tyuiu.sirotyukmv.sprint0.task0.v0\Tyuiu.sirotyukmv.sprint0.task0.v0.csproj", "{261917EF-152B-4E74-BF3A-03B4F62FBDCA}"
EndProject
Project("{2150E333-8FDC-42A3-9474-1A3956D46DE8}") = "task1", "task1", "{24554D1A-D7CC-4284-B2F5-3406D81C77BF}"
EndProject
Project("{FAE04EC0-301F-11D3-BF4B-00C04F79EFBC}") = "Tyuiu.Sirotyukmv.Sprint0.Task1.V0", "Tyuiu.Sirotyukmv.Sprint0.Task1.V0\Tyuiu.Sirotyukmv.Sprint0.Task1.V0.csproj", "{E8978492-086F-48D4-B580-2137E6752466}"
EndProject
Project("{2150E333-8FDC-42A3-9474-1A3956D46DE8}") = "task2", "task2", "{6CF5AB80-EF49-4780-859F-F2929F04260D}"
EndProject
Project("{FAE04EC0-301F-11D3-BF4B-00C04F79EFBC}") = "Tyuiu.Sirotyukmv.Sprint0.Task2.V0", "Tyuiu.Sirotyukmv.Sprint0.Task2.V0\Tyuiu.Sirotyukmv.Sprint0.Task2.V0.csproj", "{F9989477-C1D2-4B92-BBAA-BA06C981039C}"
EndProject
Project("{FAE04EC0-301F-11D3-BF4B-00C04F79EFBC}") = "Tyuiu.Sirotyukmv.Sprint0.Task2.V0.Lib", "Tyuiu.Sirotyukmv.Sprint0.Task2.V0.Lib\Tyuiu.Sirotyukmv.Sprint0.Task2.V0.Lib.csproj", "{69A74246-5F9B-4848-9E1B-4175C46A1230}"
EndProject
Project("{FAE04EC0-301F-11D3-BF4B-00C04F79EFBC}") = "Tyuiu.Sirotyukmv.Sprint0.Task2.V0.Test", "Tyuiu.Sirotyukmv.Sprint0.Task2.V0.Test\Tyuiu.Sirotyukmv.Sprint0.Task2.V0.Test.csproj", "{CF7F3254-49D9-4031-A64C-A2CC418927DA}"
EndProject
Project("{2150E333-8FDC-42A3-9474-1A3956D46DE8}") = "task3", "task3", "{90095498-B75D-4110-B7E6-22870B5CDB2E}"
EndProject
Project("{FAE04EC0-301F-11D3-BF4B-00C04F79EFBC}") = "Tyuiu.Sirotyukmv.Sprint0.Task3.V0", "Tyuiu.Sirotyukmv.Sprint0.Task3.V0\Tyuiu.Sirotyukmv.Sprint0.Task3.V0.csproj", "{5975B59B-6CEF-4A20-A24F-F2390F3507F8}"
EndProject
Project("{FAE04EC0-301F-11D3-BF4B-00C04F79EFBC}") = "Tyuiu.Sirotyukmv.Sprint0.Task3.V0.Lib", "Tyuiu.Sirotyukmv.Sprint0.Task3.V0.Lib\Tyuiu.Sirotyukmv.Sprint0.Task3.V0.Lib.csproj", "{993A755B-BD79-4D34-A5A7-B902E1D8A84B}"
EndProject
Project("{FAE04EC0-301F-11D3-BF4B-00C04F79EFBC}") = "Tyuiu.Sirotyukmv.Sprint0.Task3.V0.Test", "Tyuiu.Sirotyukmv.Sprint0.Task3.V0.Test\Tyuiu.Sirotyukmv.Sprint0.Task3.V0.Test.csproj", "{2C6BF27C-529C-42E2-96C4-5B8B220CDE90}"
EndProject
Project("{2150E333-8FDC-42A3-9474-1A3956D46DE8}") = "task4", "task4", "{4EDCA0A1-A45E-4F76-BD56-1BA1DD701AE4}"
EndProject
Project("{FAE04EC0-301F-11D3-BF4B-00C04F79EFBC}") = "Tyuiu.Sirotyukmv.Sprint0.Task4.V0", "Tyuiu.Sirotyukmv.Sprint0.Task4.V0\Tyuiu.Sirotyukmv.Sprint0.Task4.V0.csproj", "{2E746469-2A74-4214-9D53-696E2C36ACA3}"
EndProject
Project("{FAE04EC0-301F-11D3-BF4B-00C04F79EFBC}") = "Tyuiu.Sirotyukmv.Sprint0.Task4.V0.Lib", "Tyuiu.Sirotyukmv.Sprint0.Task4.V0.Lib\Tyuiu.Sirotyukmv.Sprint0.Task4.V0.Lib.csproj", "{803CBC06-B970-4465-B7C3-B9C47E9E1FA7}"
EndProject
Project("{FAE04EC0-301F-11D3-BF4B-00C04F79EFBC}") = "Tyuiu.Sirotyukmv.Sprint0.Task4.V0.Test", "Tyuiu.Sirotyukmv.Sprint0.Task4.V0.Test\Tyuiu.Sirotyukmv.Sprint0.Task4.V0.Test.csproj", "{255B666D-E69C-42B8-AA8F-E7A09F78AD45}"
EndProject
Project("{2150E333-8FDC-42A3-9474-1A3956D46DE8}") = "task5", "task5", "{DD404306-6779-491E-964B-F9EAB89A5FD3}"
EndProject
Project("{FAE04EC0-301F-11D3-BF4B-00C04F79EFBC}") = "Tyuiu.Sirotyukmv.Sprint0.Task5.V0", "Tyuiu.Sirotyukmv.Sprint0.Task5.V0\Tyuiu.Sirotyukmv.Sprint0.Task5.V0.csproj", "{83D6F15D-DA73-4C80-BCA5-35AB03469590}"
EndProject
Project("{FAE04EC0-301F-11D3-BF4B-00C04F79EFBC}") = "Tyuiu.Sirotyukmv.Sprint0.Task5.V0.Lib", "Tyuiu.Sirotyukmv.Sprint0.Task5.V0.Lib\Tyuiu.Sirotyukmv.Sprint0.Task5.V0.Lib.csproj", "{8665B636-BCE4-440D-825E-A6B9F3DD6C43}"
EndProject
Project("{FAE04EC0-301F-11D3-BF4B-00C04F79EFBC}") = "Tyuiu.Sirotyukmv.Sprint0.Task5.V0.Test", "Tyuiu.Sirotyukmv.Sprint0.Task5.V0.Test\Tyuiu.Sirotyukmv.Sprint0.Task5.V0.Test.csproj", "{0A5F15DE-07B9-4E38-82A6-A5B7ABF3CD49}"
EndProject
Global
	GlobalSection(SolutionConfigurationPlatforms) = preSolution
		Debug|Any CPU = Debug|Any CPU
		Release|Any CPU = Release|Any CPU
	EndGlobalSection
	GlobalSection(ProjectConfigurationPlatforms) = postSolution
		{261917EF-152B-4E74-BF3A-03B4F62FBDCA}.Debug|Any CPU.ActiveCfg = Debug|Any CPU
		{261917EF-152B-4E74-BF3A-03B4F62FBDCA}.Debug|Any CPU.Build.0 = Debug|Any CPU
		{261917EF-152B-4E74-BF3A-03B4F62FBDCA}.Release|Any CPU.ActiveCfg = Release|Any CPU
		{261917EF-152B-4E74-BF3A-03B4F62FBDCA}.Release|Any CPU.Build.0 = Release|Any CPU
		{E8978492-086F-48D4-B580-2137E6752466}.Debug|Any CPU.ActiveCfg = Debug|Any CPU
		{E8978492-086F-48D4-B580-2137E6752466}.Debug|Any CPU.Build.0 = Debug|Any CPU
		{E8978492-086F-48D4-B580-2137E6752466}.Release|Any CPU.ActiveCfg = Release|Any CPU
		{E8978492-086F-48D4-B580-2137E6752466}.Release|Any CPU.Build.0 = Release|Any CPU
		{F9989477-C1D2-4B92-BBAA-BA06C981039C}.Debug|Any CPU.ActiveCfg = Debug|Any CPU
		{F9989477-C1D2-4B92-BBAA-BA06C981039C}.Debug|Any CPU.Build.0 = Debug|Any CPU
		{F9989477-C1D2-4B92-BBAA-BA06C981039C}.Release|Any CPU.ActiveCfg = Release|Any CPU
		{F9989477-C1D2-4B92-BBAA-BA06C981039C}.Release|Any CPU.Build.0 = Release|Any CPU
		{69A74246-5F9B-4848-9E1B-4175C46A1230}.Debug|Any CPU.ActiveCfg = Debug|Any CPU
		{69A74246-5F9B-4848-9E1B-4175C46A1230}.Debug|Any CPU.Build.0 = Debug|Any CPU
		{69A74246-5F9B-4848-9E1B-4175C46A1230}.Release|Any CPU.ActiveCfg = Release|Any CPU
		{69A74246-5F9B-4848-9E1B-4175C46A1230}.Release|Any CPU.Build.0 = Release|Any CPU
		{CF7F3254-49D9-4031-A64C-A2CC418927DA}.Debug|Any CPU.ActiveCfg = Debug|Any CPU
		{CF7F3254-49D9-4031-A64C-A2CC418927DA}.Debug|Any CPU.Build.0 = Debug|Any CPU
		{CF7F3254-49D9-4031-A64C-A2CC418927DA}.Release|Any CPU.ActiveCfg = Release|Any CPU
		{CF7F3254-49D9-4031-A64C-A2CC418927DA}.Release|Any CPU.Build.0 = Release|Any CPU
		{5975B59B-6CEF-4A20-A24F-F2390F3507F8}.Debug|Any CPU.ActiveCfg = Debug|Any CPU
		{5975B59B-6CEF-4A20-A24F-F2390F3507F8}.Debug|Any CPU.Build.0 = Debug|Any CPU
		{5975B59B-6CEF-4A20-A24F-F2390F3507F8}.Release|Any CPU.ActiveCfg = Release|Any CPU
		{5975B59B-6CEF-4A20-A24F-F2390F3507F8}.Release|Any CPU.Build.0 = Release|Any CPU
		{993A755B-BD79-4D34-A5A7-B902E1D8A84B}.Debug|Any CPU.ActiveCfg = Debug|Any CPU
		{993A755B-BD79-4D34-A5A7-B902E1D8A84B}.Debug|Any CPU.Build.0 = Debug|Any CPU
		{993A755B-BD79-4D34-A5A7-B902E1D8A84B}.Release|Any CPU.ActiveCfg = Release|Any CPU
		{993A755B-BD79-4D34-A5A7-B902E1D8A84B}.Release|Any CPU.Build.0 = Release|Any CPU
		{2C6BF27C-529C-42E2-96C4-5B8B220CDE90}.Debug|Any CPU.ActiveCfg = Debug|Any CPU
		{2C6BF27C-529C-42E2-96C4-5B8B220CDE90}.Debug|Any CPU.Build.0 = Debug|Any CPU
		{2C6BF27C-529C-42E2-96C4-5B8B220CDE90}.Release|Any CPU.ActiveCfg = Release|Any CPU
		{2C6BF27C-529C-42E2-96C4-5B8B220CDE90}.Release|Any CPU.Build.0 = Release|Any CPU
		{2E746469-2A74-4214-9D53-696E2C36ACA3}.Debug|Any CPU.ActiveCfg = Debug|Any CPU
		{2E746469-2A74-4214-9D53-696E2C36ACA3}.Debug|Any CPU.Build.0 = Debug|Any CPU
		{2E746469-2A74-4214-9D53-696E2C36ACA3}.Release|Any CPU.ActiveCfg = Release|Any CPU
		{2E746469-2A74-4214-9D53-696E2C36ACA3}.Release|Any CPU.Build.0 = Release|Any CPU
		{803CBC06-B970-4465-B7C3-B9C47E9E1FA7}.Debug|Any CPU.ActiveCfg = Debug|Any CPU
		{803CBC06-B970-4465-B7C3-B9C47E9E1FA7}.Debug|Any CPU.Build.0 = Debug|Any CPU
		{803CBC06-B970-4465-B7C3-B9C47E9E1FA7}.Release|Any CPU.ActiveCfg = Release|Any CPU
		{803CBC06-B970-4465-B7C3-B9C47E9E1FA7}.Release|Any CPU.Build.0 = Release|Any CPU
		{255B666D-E69C-42B8-AA8F-E7A09F78AD45}.Debug|Any CPU.ActiveCfg = Debug|Any CPU
		{255B666D-E69C-42B8-AA8F-E7A09F78AD45}.Debug|Any CPU.Build.0 = Debug|Any CPU
		{255B666D-E69C-42B8-AA8F-E7A09F78AD45}.Release|Any CPU.ActiveCfg = Release|Any CPU
		{255B666D-E69C-42B8-AA8F-E7A09F78AD45}.Release|Any CPU.Build.0 = Release|Any CPU
		{83D6F15D-DA73-4C80-BCA5-35AB03469590}.Debug|Any CPU.ActiveCfg = Debug|Any CPU
		{83D6F15D-DA73-4C80-BCA5-35AB03469590}.Debug|Any CPU.Build.0 = Debug|Any CPU
		{83D6F15D-DA73-4C80-BCA5-35AB03469590}.Release|Any CPU.ActiveCfg = Release|Any CPU
		{83D6F15D-DA73-4C80-BCA5-35AB03469590}.Release|Any CPU.Build.0 = Release|Any CPU
		{8665B636-BCE4-440D-825E-A6B9F3DD6C43}.Debug|Any CPU.ActiveCfg = Debug|Any CPU
		{8665B636-BCE4-440D-825E-A6B9F3DD6C43}.Debug|Any CPU.Build.0 = Debug|Any CPU
		{8665B636-BCE4-440D-825E-A6B9F3DD6C43}.Release|Any CPU.ActiveCfg = Release|Any CPU
		{8665B636-BCE4-440D-825E-A6B9F3DD6C43}.Release|Any CPU.Build.0 = Release|Any CPU
		{0A5F15DE-07B9-4E38-82A6-A5B7ABF3CD49}.Debug|Any CPU.ActiveCfg = Debug|Any CPU
		{0A5F15DE-07B9-4E38-82A6-A5B7ABF3CD49}.Debug|Any CPU.Build.0 = Debug|Any CPU
		{0A5F15DE-07B9-4E38-82A6-A5B7ABF3CD49}.Release|Any CPU.ActiveCfg = Release|Any CPU
		{0A5F15DE-07B9-4E38-82A6-A5B7ABF3CD49}.Release|Any CPU.Build.0 = Release|Any CPU
	EndGlobalSection
	GlobalSection(SolutionProperties) = preSolution
		HideSolutionNode = FALSE
	EndGlobalSection
	GlobalSection(NestedProjects) = preSolution
		{261917EF-152B-4E74-BF3A-03B4F62FBDCA} = {02EA681E-C7D8-13C7-8484-4AC65E1B71E8}
		{E8978492-086F-48D4-B580-2137E6752466} = {24554D1A-D7CC-4284-B2F5-3406D81C77BF}
		{F9989477-C1D2-4B92-BBAA-BA06C981039C} = {6CF5AB80-EF49-4780-859F-F2929F04260D}
		{69A74246-5F9B-4848-9E1B-4175C46A1230} = {6CF5AB80-EF49-4780-859F-F2929F04260D}
		{CF7F3254-49D9-4031-A64C-A2CC418927DA} = {6CF5AB80-EF49-4780-859F-F2929F04260D}
		{5975B59B-6CEF-4A20-A24F-F2390F3507F8} = {90095498-B75D-4110-B7E6-22870B5CDB2E}
		{993A755B-BD79-4D34-A5A7-B902E1D8A84B} = {90095498-B75D-4110-B7E6-22870B5CDB2E}
		{2C6BF27C-529C-42E2-96C4-5B8B220CDE90} = {90095498-B75D-4110-B7E6-22870B5CDB2E}
		{2E746469-2A74-4214-9D53-696E2C36ACA3} = {4EDCA0A1-A45E-4F76-BD56-1BA1DD701AE4}
		{803CBC06-B970-4465-B7C3-B9C47E9E1FA7} = {4EDCA0A1-A45E-4F76-BD56-1BA1DD701AE4}
		{255B666D-E69C-42B8-AA8F-E7A09F78AD45} = {4EDCA0A1-A45E-4F76-BD56-1BA1DD701AE4}
		{83D6F15D-DA73-4C80-BCA5-35AB03469590} = {DD404306-6779-491E-964B-F9EAB89A5FD3}
		{8665B636-BCE4-440D-825E-A6B9F3DD6C43} = {DD404306-6779-491E-964B-F9EAB89A5FD3}
		{0A5F15DE-07B9-4E38-82A6-A5B7ABF3CD49} = {DD404306-6779-491E-964B-F9EAB89A5FD3}
	EndGlobalSection
	GlobalSection(ExtensibilityGlobals) = postSolution
		SolutionGuid = {BC322E5F-D3D1-4676-BA84-11967EFB3496}
	EndGlobalSection
EndGlobal
